
Microsoft Visual Studio Solution File, Format Version 12.00
# Visual Studio Version 17
VisualStudioVersion = 17.4.33103.184
MinimumVisualStudioVersion = 10.0.40219.1
Project("{FAE04EC0-301F-11D3-BF4B-00C04F79EFBC}") = "Magicbricks_selenium", "Magicbricks_selenium.csproj", "{FFCC9FD7-DA49-4FF7-B509-4644C93FAA73}"
EndProject
Global
	GlobalSection(SolutionConfigurationPlatforms) = preSolution
		Debug|Any CPU = Debug|Any CPU
		Release|Any CPU = Release|Any CPU
	EndGlobalSection
	GlobalSection(ProjectConfigurationPlatforms) = postSolution
		{FFCC9FD7-DA49-4FF7-B509-4644C93FAA73}.Debug|Any CPU.ActiveCfg = Debug|Any CPU
		{FFCC9FD7-DA49-4FF7-B509-4644C93FAA73}.Debug|Any CPU.Build.0 = Debug|Any CPU
		{FFCC9FD7-DA49-4FF7-B509-4644C93FAA73}.Release|Any CPU.ActiveCfg = Release|Any CPU
		{FFCC9FD7-DA49-4FF7-B509-4644C93FAA73}.Release|Any CPU.Build.0 = Release|Any CPU
	EndGlobalSection
	GlobalSection(SolutionProperties) = preSolution
		HideSolutionNode = FALSE
	EndGlobalSection
	GlobalSection(ExtensibilityGlobals) = postSolution
		SolutionGuid = {AC20E049-F39D-4169-B12E-FF30B392BC0B}
	EndGlobalSection
EndGlobal
